
Microsoft Visual Studio Solution File, Format Version 12.00
# Visual Studio Version 16
VisualStudioVersion = 16.0.31321.278
MinimumVisualStudioVersion = 10.0.40219.1
Project("{FAE04EC0-301F-11D3-BF4B-00C04F79EFBC}") = "Aula1AspNetMVC", "Aula1AspNetMVC.csproj", "{54CC4B84-E6FD-4025-BA39-3321E900692C}"
EndProject
Global
	GlobalSection(SolutionConfigurationPlatforms) = preSolution
		Debug|Any CPU = Debug|Any CPU
		Release|Any CPU = Release|Any CPU
	EndGlobalSection
	GlobalSection(ProjectConfigurationPlatforms) = postSolution
		{54CC4B84-E6FD-4025-BA39-3321E900692C}.Debug|Any CPU.ActiveCfg = Debug|Any CPU
		{54CC4B84-E6FD-4025-BA39-3321E900692C}.Debug|Any CPU.Build.0 = Debug|Any CPU
		{54CC4B84-E6FD-4025-BA39-3321E900692C}.Release|Any CPU.ActiveCfg = Release|Any CPU
		{54CC4B84-E6FD-4025-BA39-3321E900692C}.Release|Any CPU.Build.0 = Release|Any CPU
	EndGlobalSection
	GlobalSection(SolutionProperties) = preSolution
		HideSolutionNode = FALSE
	EndGlobalSection
	GlobalSection(ExtensibilityGlobals) = postSolution
		SolutionGuid = {BDE3C1C8-6444-43B3-9A02-5D280221579E}
	EndGlobalSection
EndGlobal
